<?xml version="1.0" encoding="utf-8"?>
<Project ToolsVersion="4.0" xmlns="http://schemas.microsoft.com/developer/msbuild/2003">
  <ItemGroup>
    <Filter Include="Source Files">
      <UniqueIdentifier>{4FC737F1-C7A5-4376-A066-2A32D752A2FF}</UniqueIdentifier>
      <Extensions>cpp;c;cc;cxx;def;odl;idl;hpj;bat;asm;asmx</Extensions>
    </Filter>
    <Filter Include="Header Files">
      <UniqueIdentifier>{93995380-89BD-4b04-88EB-625FBE52EBFB}</UniqueIdentifier>
      <Extensions>h;hh;hpp;hxx;hm;inl;inc;xsd</Extensions>
    </Filter>
    <Filter Include="Resource Files">
      <UniqueIdentifier>{67DA6AB6-F800-4c08-8B7A-83BB121AAD01}</UniqueIdentifier>
      <Extensions>rc;ico;cur;bmp;dlg;rc2;rct;bin;rgs;gif;jpg;jpeg;jpe;resx;tiff;tif;png;wav;mfcribbon-ms</Extensions>
    </Filter>
    <Filter Include="Resource Files\Examples">
      <UniqueIdentifier>{8776ab0b-f99a-4a4c-9e3b-ffd0ce3c4cd9}</UniqueIdentifier>
      <Extensions>lant</Extensions>
    </Filter>
    <Filter Include="Resource Files\Scripts">
      <UniqueIdentifier>{7f879519-9f40-47e3-8d95-370c661ab652}</UniqueIdentifier>
      <Extensions>py;sh</Extensions>
    </Filter>
  </ItemGroup>
  <ItemGroup>
    <ClInclude Include="logic.h">
      <Filter>Header Files</Filter>
    </ClInclude>
    <ClInclude Include="io.h">
      <Filter>Header Files</Filter>
    </ClInclude>
    <ClInclude Include="graphics.h">
      <Filter>Header Files</Filter>
    </ClInclude>
    <ClInclude Include="resource.h">
      <Filter>Header Files</Filter>
    </ClInclude>
    <ClInclude Include="include\pdcurses.h">
      <Filter>Header Files</Filter>
    </ClInclude>
    <ClInclude Include="serial.h">
      <Filter>Header Files</Filter>
    </ClInclude>
    <ClInclude Include="version.h">
      <Filter>Header Files</Filter>
    </ClInclude>
    <ClInclude Include="curses.h">
      <Filter>Header Files</Filter>
    </ClInclude>
    <ClInclude Include="sprites.h">
      <Filter>Header Files</Filter>
    </ClInclude>
  </ItemGroup>
  <ItemGroup>
    <ClCompile Include="graphics.c">
      <Filter>Source Files</Filter>
    </ClCompile>
    <ClCompile Include="grid.c">
      <Filter>Source Files</Filter>
    </ClCompile>
    <ClCompile Include="grid_window.c">
      <Filter>Source Files</Filter>
    </ClCompile>
    <ClCompile Include="grid_controls.c">
      <Filter>Source Files</Filter>
    </ClCompile>
    <ClCompile Include="menu_window.c">
      <Filter>Source Files</Filter>
    </ClCompile>
    <ClCompile Include="menu_controls.c">
      <Filter>Source Files</Filter>
    </ClCompile>
    <ClCompile Include="dialog.c">
      <Filter>Source Files</Filter>
    </ClCompile>
    <ClCompile Include="simulation.c">
      <Filter>Source Files</Filter>
    </ClCompile>
    <ClCompile Include="main.c">
      <Filter>Source Files</Filter>
    </ClCompile>
    <ClCompile Include="ant.c">
      <Filter>Source Files</Filter>
    </ClCompile>
    <ClCompile Include="colors.c">
      <Filter>Source Files</Filter>
    </ClCompile>
    <ClCompile Include="io.c">
      <Filter>Source Files</Filter>
    </ClCompile>
    <ClCompile Include="main_loop.c">
      <Filter>Source Files</Filter>
    </ClCompile>
    <ClCompile Include="serial.c">
      <Filter>Source Files</Filter>
    </ClCompile>
    <ClCompile Include="bitmap_io.c">
      <Filter>Source Files</Filter>
    </ClCompile>
    <ClCompile Include="sprites.c">
      <Filter>Source Files</Filter>
    </ClCompile>
    <ClCompile Include="timer.c">
      <Filter>Source Files</Filter>
    </ClCompile>
  </ItemGroup>
  <ItemGroup>
    <ResourceCompile Include="LangtonsAnt.rc">
      <Filter>Resource Files</Filter>
    </ResourceCompile>
    <Image Include="resource\LangtonsAnt.ico">
      <Filter>Resource Files</Filter>
    </Image>
  </ItemGroup>
  <ItemGroup>
    <CopyFileToFolders Include="resource\PxPlus_IBM_EGA_8x8.ttf">
      <Filter>Resource Files</Filter>
    </CopyFileToFolders>
  </ItemGroup>
  <ItemGroup>
    <CopyFileToFolders Include="lib\pdcurses.dll">
      <Filter>Resource Files</Filter>
    </CopyFileToFolders>
    <CopyFileToFolders Include="lib\pdcurses_x64.dll">
      <Filter>Resource Files</Filter>
    </CopyFileToFolders>
  </ItemGroup>
  <ItemGroup>
    <CopyFileToFolders Include="examples\zigzag.lant">
      <Filter>Resource Files\Examples</Filter>
    </CopyFileToFolders>
    <CopyFileToFolders Include="examples\triangle.lant">
      <Filter>Resource Files\Examples</Filter>
    </CopyFileToFolders>
    <CopyFileToFolders Include="examples\highway.lant">
      <Filter>Resource Files\Examples</Filter>
    </CopyFileToFolders>
    <CopyFileToFolders Include="examples\spiral.lant">
      <Filter>Resource Files\Examples</Filter>
    </CopyFileToFolders>
    <CopyFileToFolders Include="examples\square.lant">
      <Filter>Resource Files\Examples</Filter>
    </CopyFileToFolders>
    <CopyFileToFolders Include="examples\square2.lant">
      <Filter>Resource Files\Examples</Filter>
    </CopyFileToFolders>
    <CopyFileToFolders Include="examples\square3.lant">
      <Filter>Resource Files\Examples</Filter>
    </CopyFileToFolders>
    <CopyFileToFolders Include="examples\sword.lant">
      <Filter>Resource Files\Examples</Filter>
    </CopyFileToFolders>
    <CopyFileToFolders Include="examples\test.lant">
      <Filter>Resource Files\Examples</Filter>
    </CopyFileToFolders>
    <CopyFileToFolders Include="examples\cauliflower.lant">
      <Filter>Resource Files\Examples</Filter>
    </CopyFileToFolders>
    <CopyFileToFolders Include="examples\crystal.lant">
      <Filter>Resource Files\Examples</Filter>
    </CopyFileToFolders>
  </ItemGroup>
  <ItemGroup>
    <CopyFileToFolders Include="scripts\write_serial.py">
      <Filter>Resource Files\Scripts</Filter>
    </CopyFileToFolders>
  </ItemGroup>
</Project>
